
Microsoft Visual Studio Solution File, Format Version 12.00
# Visual Studio Version 16
VisualStudioVersion = 16.0.29728.190
MinimumVisualStudioVersion = 10.0.40219.1
Project("{FAE04EC0-301F-11D3-BF4B-00C04F79EFBC}") = "Web Application Project", "Web Application Project\Web Application Project.csproj", "{B9F416F1-F16E-4D3E-9A65-15C93CD79756}"
EndProject
Global
	GlobalSection(SolutionConfigurationPlatforms) = preSolution
		Debug|Any CPU = Debug|Any CPU
		Release|Any CPU = Release|Any CPU
	EndGlobalSection
	GlobalSection(ProjectConfigurationPlatforms) = postSolution
		{B9F416F1-F16E-4D3E-9A65-15C93CD79756}.Debug|Any CPU.ActiveCfg = Debug|Any CPU
		{B9F416F1-F16E-4D3E-9A65-15C93CD79756}.Debug|Any CPU.Build.0 = Debug|Any CPU
		{B9F416F1-F16E-4D3E-9A65-15C93CD79756}.Release|Any CPU.ActiveCfg = Release|Any CPU
		{B9F416F1-F16E-4D3E-9A65-15C93CD79756}.Release|Any CPU.Build.0 = Release|Any CPU
	EndGlobalSection
	GlobalSection(SolutionProperties) = preSolution
		HideSolutionNode = FALSE
	EndGlobalSection
	GlobalSection(ExtensibilityGlobals) = postSolution
		SolutionGuid = {1CF9BAFB-4FD8-4D56-B43B-6CF5DE680E88}
	EndGlobalSection
EndGlobal
